
Microsoft Visual Studio Solution File, Format Version 12.00
# Visual Studio Version 17
VisualStudioVersion = 17.11.35222.181
MinimumVisualStudioVersion = 10.0.40219.1
Project("{FAE04EC0-301F-11D3-BF4B-00C04F79EFBC}") = "SmartHomeAutomation", "SmartHomeAutomation.csproj", "{23C8F45C-7562-4A4F-93AA-FED3CB4D91D7}"
EndProject
Global
	GlobalSection(SolutionConfigurationPlatforms) = preSolution
		Debug|Any CPU = Debug|Any CPU
		Release|Any CPU = Release|Any CPU
	EndGlobalSection
	GlobalSection(ProjectConfigurationPlatforms) = postSolution
		{23C8F45C-7562-4A4F-93AA-FED3CB4D91D7}.Debug|Any CPU.ActiveCfg = Debug|Any CPU
		{23C8F45C-7562-4A4F-93AA-FED3CB4D91D7}.Debug|Any CPU.Build.0 = Debug|Any CPU
		{23C8F45C-7562-4A4F-93AA-FED3CB4D91D7}.Release|Any CPU.ActiveCfg = Release|Any CPU
		{23C8F45C-7562-4A4F-93AA-FED3CB4D91D7}.Release|Any CPU.Build.0 = Release|Any CPU
	EndGlobalSection
	GlobalSection(SolutionProperties) = preSolution
		HideSolutionNode = FALSE
	EndGlobalSection
	GlobalSection(ExtensibilityGlobals) = postSolution
		SolutionGuid = {69B74A8D-1AD1-449F-997D-42A87439CDE6}
	EndGlobalSection
EndGlobal
